
Microsoft Visual Studio Solution File, Format Version 12.00
# Visual Studio Version 17
VisualStudioVersion = 17.3.32922.545
MinimumVisualStudioVersion = 10.0.40219.1
Project("{FAE04EC0-301F-11D3-BF4B-00C04F79EFBC}") = "AC_Web_App", "AC_Web_App\AC_Web_App.csproj", "{D5B2780E-1AD5-4C92-9A6C-8CEA6326F32A}"
EndProject
Global
	GlobalSection(SolutionConfigurationPlatforms) = preSolution
		Debug|Any CPU = Debug|Any CPU
		Release|Any CPU = Release|Any CPU
	EndGlobalSection
	GlobalSection(ProjectConfigurationPlatforms) = postSolution
		{D5B2780E-1AD5-4C92-9A6C-8CEA6326F32A}.Debug|Any CPU.ActiveCfg = Debug|Any CPU
		{D5B2780E-1AD5-4C92-9A6C-8CEA6326F32A}.Debug|Any CPU.Build.0 = Debug|Any CPU
		{D5B2780E-1AD5-4C92-9A6C-8CEA6326F32A}.Release|Any CPU.ActiveCfg = Release|Any CPU
		{D5B2780E-1AD5-4C92-9A6C-8CEA6326F32A}.Release|Any CPU.Build.0 = Release|Any CPU
	EndGlobalSection
	GlobalSection(SolutionProperties) = preSolution
		HideSolutionNode = FALSE
	EndGlobalSection
	GlobalSection(ExtensibilityGlobals) = postSolution
		SolutionGuid = {759A1180-A4CC-4567-B5E1-165E80CBC6A7}
	EndGlobalSection
EndGlobal
